
Microsoft Visual Studio Solution File, Format Version 11.00
# Visual Studio 2010
Project("{FAE04EC0-301F-11D3-BF4B-00C04F79EFBC}") = "Assembly-CSharp", "Assembly-CSharp.csproj", "{A28E08BA-1C49-6702-D5D2-9006B3A48886}"
EndProject
Global
	GlobalSection(SolutionConfigurationPlatforms) = preSolution
		Debug|Any CPU = Debug|Any CPU
		Release|Any CPU = Release|Any CPU
	EndGlobalSection
	GlobalSection(ProjectConfigurationPlatforms) = postSolution
		{A28E08BA-1C49-6702-D5D2-9006B3A48886}.Debug|Any CPU.ActiveCfg = Debug|Any CPU
		{A28E08BA-1C49-6702-D5D2-9006B3A48886}.Debug|Any CPU.Build.0 = Debug|Any CPU
		{A28E08BA-1C49-6702-D5D2-9006B3A48886}.Release|Any CPU.ActiveCfg = Release|Any CPU
		{A28E08BA-1C49-6702-D5D2-9006B3A48886}.Release|Any CPU.Build.0 = Release|Any CPU
	EndGlobalSection
	GlobalSection(SolutionProperties) = preSolution
		HideSolutionNode = FALSE
	EndGlobalSection
EndGlobal
